// !$*UTF8*$!
{
	archiveVersion = 1;
	classes = {
	};
	objectVersion = 50;
	objects = {

/* Begin PBXBuildFile section */
		F0E62175232BF51400ABD95D /* API.swift in Sources */ = {isa = PBXBuildFile; fileRef = F0E62174232BF51400ABD95D /* API.swift */; };
		F0FB1A0A2316DDE400F00CD2 /* AppDelegate.swift in Sources */ = {isa = PBXBuildFile; fileRef = F0FB1A092316DDE400F00CD2 /* AppDelegate.swift */; };
		F0FB1A0C2316DDE400F00CD2 /* ViewController.swift in Sources */ = {isa = PBXBuildFile; fileRef = F0FB1A0B2316DDE400F00CD2 /* ViewController.swift */; };
		F0FB1A0F2316DDE400F00CD2 /* Main.storyboard in Resources */ = {isa = PBXBuildFile; fileRef = F0FB1A0D2316DDE400F00CD2 /* Main.storyboard */; };
		F0FB1A112316DDE700F00CD2 /* Assets.xcassets in Resources */ = {isa = PBXBuildFile; fileRef = F0FB1A102316DDE700F00CD2 /* Assets.xcassets */; };
		F0FB1A142316DDE700F00CD2 /* LaunchScreen.storyboard in Resources */ = {isa = PBXBuildFile; fileRef = F0FB1A122316DDE700F00CD2 /* LaunchScreen.storyboard */; };
		F0FB1A1F2316DDE800F00CD2 /* VehiclesTests.swift in Sources */ = {isa = PBXBuildFile; fileRef = F0FB1A1E2316DDE800F00CD2 /* VehiclesTests.swift */; };
		F0FB1A2A2316DDFE00F00CD2 /* UrlSessionExtension.swift in Sources */ = {isa = PBXBuildFile; fileRef = F0FB1A292316DDFE00F00CD2 /* UrlSessionExtension.swift */; };
		F0FB1A2C2316DE0600F00CD2 /* VehicleAPI.swift in Sources */ = {isa = PBXBuildFile; fileRef = F0FB1A2B2316DE0600F00CD2 /* VehicleAPI.swift */; };
		F0FB1A2E2316DE3200F00CD2 /* Vehicle.swift in Sources */ = {isa = PBXBuildFile; fileRef = F0FB1A2D2316DE3200F00CD2 /* Vehicle.swift */; };
		F0FB1A302316DFC000F00CD2 /* vehicle_mock.json in Resources */ = {isa = PBXBuildFile; fileRef = F0FB1A2F2316DFC000F00CD2 /* vehicle_mock.json */; };
		F0FB1A342316E81A00F00CD2 /* VehicleAnnotatitonModel.swift in Sources */ = {isa = PBXBuildFile; fileRef = F0FB1A332316E81A00F00CD2 /* VehicleAnnotatitonModel.swift */; };
/* End PBXBuildFile section */

/* Begin PBXContainerItemProxy section */
		F0FB1A1B2316DDE800F00CD2 /* PBXContainerItemProxy */ = {
			isa = PBXContainerItemProxy;
			containerPortal = F0FB19FE2316DDE400F00CD2 /* Project object */;
			proxyType = 1;
			remoteGlobalIDString = F0FB1A052316DDE400F00CD2;
			remoteInfo = Vehicles;
		};
/* End PBXContainerItemProxy section */

/* Begin PBXFileReference section */
		F0E62174232BF51400ABD95D /* API.swift */ = {isa = PBXFileReference; lastKnownFileType = sourcecode.swift; path = API.swift; sourceTree = "<group>"; };
		F0FB1A062316DDE400F00CD2 /* Vehicles.app */ = {isa = PBXFileReference; explicitFileType = wrapper.application; includeInIndex = 0; path = Vehicles.app; sourceTree = BUILT_PRODUCTS_DIR; };
		F0FB1A092316DDE400F00CD2 /* AppDelegate.swift */ = {isa = PBXFileReference; lastKnownFileType = sourcecode.swift; path = AppDelegate.swift; sourceTree = "<group>"; };
		F0FB1A0B2316DDE400F00CD2 /* ViewController.swift */ = {isa = PBXFileReference; lastKnownFileType = sourcecode.swift; path = ViewController.swift; sourceTree = "<group>"; };
		F0FB1A0E2316DDE400F00CD2 /* Base */ = {isa = PBXFileReference; lastKnownFileType = file.storyboard; name = Base; path = Base.lproj/Main.storyboard; sourceTree = "<group>"; };
		F0FB1A102316DDE700F00CD2 /* Assets.xcassets */ = {isa = PBXFileReference; lastKnownFileType = folder.assetcatalog; path = Assets.xcassets; sourceTree = "<group>"; };
		F0FB1A132316DDE700F00CD2 /* Base */ = {isa = PBXFileReference; lastKnownFileType = file.storyboard; name = Base; path = Base.lproj/LaunchScreen.storyboard; sourceTree = "<group>"; };
		F0FB1A152316DDE700F00CD2 /* Info.plist */ = {isa = PBXFileReference; lastKnownFileType = text.plist.xml; path = Info.plist; sourceTree = "<group>"; };
		F0FB1A1A2316DDE800F00CD2 /* VehiclesTests.xctest */ = {isa = PBXFileReference; explicitFileType = wrapper.cfbundle; includeInIndex = 0; path = VehiclesTests.xctest; sourceTree = BUILT_PRODUCTS_DIR; };
		F0FB1A1E2316DDE800F00CD2 /* VehiclesTests.swift */ = {isa = PBXFileReference; lastKnownFileType = sourcecode.swift; path = VehiclesTests.swift; sourceTree = "<group>"; };
		F0FB1A202316DDE800F00CD2 /* Info.plist */ = {isa = PBXFileReference; lastKnownFileType = text.plist.xml; path = Info.plist; sourceTree = "<group>"; };
		F0FB1A292316DDFE00F00CD2 /* UrlSessionExtension.swift */ = {isa = PBXFileReference; lastKnownFileType = sourcecode.swift; path = UrlSessionExtension.swift; sourceTree = "<group>"; };
		F0FB1A2B2316DE0600F00CD2 /* VehicleAPI.swift */ = {isa = PBXFileReference; lastKnownFileType = sourcecode.swift; path = VehicleAPI.swift; sourceTree = "<group>"; };
		F0FB1A2D2316DE3200F00CD2 /* Vehicle.swift */ = {isa = PBXFileReference; fileEncoding = 4; lastKnownFileType = sourcecode.swift; path = Vehicle.swift; sourceTree = "<group>"; };
		F0FB1A2F2316DFC000F00CD2 /* vehicle_mock.json */ = {isa = PBXFileReference; lastKnownFileType = text.json; path = vehicle_mock.json; sourceTree = "<group>"; };
		F0FB1A332316E81A00F00CD2 /* VehicleAnnotatitonModel.swift */ = {isa = PBXFileReference; lastKnownFileType = sourcecode.swift; path = VehicleAnnotatitonModel.swift; sourceTree = "<group>"; };
/* End PBXFileReference section */

/* Begin PBXFrameworksBuildPhase section */
		F0FB1A032316DDE400F00CD2 /* Frameworks */ = {
			isa = PBXFrameworksBuildPhase;
			buildActionMask = 2147483647;
			files = (
			);
			runOnlyForDeploymentPostprocessing = 0;
		};
		F0FB1A172316DDE800F00CD2 /* Frameworks */ = {
			isa = PBXFrameworksBuildPhase;
			buildActionMask = 2147483647;
			files = (
			);
			runOnlyForDeploymentPostprocessing = 0;
		};
/* End PBXFrameworksBuildPhase section */

/* Begin PBXGroup section */
		F0FB19FD2316DDE400F00CD2 = {
			isa = PBXGroup;
			children = (
				F0FB1A082316DDE400F00CD2 /* Vehicles */,
				F0FB1A1D2316DDE800F00CD2 /* VehiclesTests */,
				F0FB1A072316DDE400F00CD2 /* Products */,
			);
			sourceTree = "<group>";
		};
		F0FB1A072316DDE400F00CD2 /* Products */ = {
			isa = PBXGroup;
			children = (
				F0FB1A062316DDE400F00CD2 /* Vehicles.app */,
				F0FB1A1A2316DDE800F00CD2 /* VehiclesTests.xctest */,
			);
			name = Products;
			sourceTree = "<group>";
		};
		F0FB1A082316DDE400F00CD2 /* Vehicles */ = {
			isa = PBXGroup;
			children = (
				F0FB1A322316E4DE00F00CD2 /* VehicleAPI */,
				F0FB1A312316E4D600F00CD2 /* Extensions */,
				F0FB1A352316E95200F00CD2 /* ViewController */,
				F0FB1A092316DDE400F00CD2 /* AppDelegate.swift */,
				F0FB1A0D2316DDE400F00CD2 /* Main.storyboard */,
				F0FB1A102316DDE700F00CD2 /* Assets.xcassets */,
				F0FB1A122316DDE700F00CD2 /* LaunchScreen.storyboard */,
				F0FB1A152316DDE700F00CD2 /* Info.plist */,
				F0FB1A2F2316DFC000F00CD2 /* vehicle_mock.json */,
			);
			path = Vehicles;
			sourceTree = "<group>";
		};
		F0FB1A1D2316DDE800F00CD2 /* VehiclesTests */ = {
			isa = PBXGroup;
			children = (
				F0FB1A1E2316DDE800F00CD2 /* VehiclesTests.swift */,
				F0FB1A202316DDE800F00CD2 /* Info.plist */,
			);
			path = VehiclesTests;
			sourceTree = "<group>";
		};
		F0FB1A312316E4D600F00CD2 /* Extensions */ = {
			isa = PBXGroup;
			children = (
				F0FB1A292316DDFE00F00CD2 /* UrlSessionExtension.swift */,
			);
			path = Extensions;
			sourceTree = "<group>";
		};
		F0FB1A322316E4DE00F00CD2 /* VehicleAPI */ = {
			isa = PBXGroup;
			children = (
				F0FB1A2D2316DE3200F00CD2 /* Vehicle.swift */,
				F0FB1A2B2316DE0600F00CD2 /* VehicleAPI.swift */,
				F0E62174232BF51400ABD95D /* API.swift */,
			);
			path = VehicleAPI;
			sourceTree = "<group>";
		};
		F0FB1A352316E95200F00CD2 /* ViewController */ = {
			isa = PBXGroup;
			children = (
				F0FB1A332316E81A00F00CD2 /* VehicleAnnotatitonModel.swift */,
				F0FB1A0B2316DDE400F00CD2 /* ViewController.swift */,
			);
			path = ViewController;
			sourceTree = "<group>";
		};
/* End PBXGroup section */

/* Begin PBXNativeTarget section */
		F0FB1A052316DDE400F00CD2 /* Vehicles */ = {
			isa = PBXNativeTarget;
			buildConfigurationList = F0FB1A232316DDE800F00CD2 /* Build configuration list for PBXNativeTarget "Vehicles" */;
			buildPhases = (
				F0FB1A022316DDE400F00CD2 /* Sources */,
				F0FB1A032316DDE400F00CD2 /* Frameworks */,
				F0FB1A042316DDE400F00CD2 /* Resources */,
			);
			buildRules = (
			);
			dependencies = (
			);
			name = Vehicles;
			productName = Vehicles;
			productReference = F0FB1A062316DDE400F00CD2 /* Vehicles.app */;
			productType = "com.apple.product-type.application";
		};
		F0FB1A192316DDE800F00CD2 /* VehiclesTests */ = {
			isa = PBXNativeTarget;
			buildConfigurationList = F0FB1A262316DDE800F00CD2 /* Build configuration list for PBXNativeTarget "VehiclesTests" */;
			buildPhases = (
				F0FB1A162316DDE800F00CD2 /* Sources */,
				F0FB1A172316DDE800F00CD2 /* Frameworks */,
				F0FB1A182316DDE800F00CD2 /* Resources */,
			);
			buildRules = (
			);
			dependencies = (
				F0FB1A1C2316DDE800F00CD2 /* PBXTargetDependency */,
			);
			name = VehiclesTests;
			productName = VehiclesTests;
			productReference = F0FB1A1A2316DDE800F00CD2 /* VehiclesTests.xctest */;
			productType = "com.apple.product-type.bundle.unit-test";
		};
/* End PBXNativeTarget section */

/* Begin PBXProject section */
		F0FB19FE2316DDE400F00CD2 /* Project object */ = {
			isa = PBXProject;
			attributes = {
				LastSwiftUpdateCheck = 1030;
				LastUpgradeCheck = 1030;
				ORGANIZATIONNAME = sina;
				TargetAttributes = {
					F0FB1A052316DDE400F00CD2 = {
						CreatedOnToolsVersion = 10.3;
					};
					F0FB1A192316DDE800F00CD2 = {
						CreatedOnToolsVersion = 10.3;
						TestTargetID = F0FB1A052316DDE400F00CD2;
					};
				};
			};
			buildConfigurationList = F0FB1A012316DDE400F00CD2 /* Build configuration list for PBXProject "Vehicles" */;
			compatibilityVersion = "Xcode 9.3";
			developmentRegion = en;
			hasScannedForEncodings = 0;
			knownRegions = (
				en,
				Base,
			);
			mainGroup = F0FB19FD2316DDE400F00CD2;
			productRefGroup = F0FB1A072316DDE400F00CD2 /* Products */;
			projectDirPath = "";
			projectRoot = "";
			targets = (
				F0FB1A052316DDE400F00CD2 /* Vehicles */,
				F0FB1A192316DDE800F00CD2 /* VehiclesTests */,
			);
		};
/* End PBXProject section */

/* Begin PBXResourcesBuildPhase section */
		F0FB1A042316DDE400F00CD2 /* Resources */ = {
			isa = PBXResourcesBuildPhase;
			buildActionMask = 2147483647;
			files = (
				F0FB1A142316DDE700F00CD2 /* LaunchScreen.storyboard in Resources */,
				F0FB1A112316DDE700F00CD2 /* Assets.xcassets in Resources */,
				F0FB1A302316DFC000F00CD2 /* vehicle_mock.json in Resources */,
				F0FB1A0F2316DDE400F00CD2 /* Main.storyboard in Resources */,
			);
			runOnlyForDeploymentPostprocessing = 0;
		};
		F0FB1A182316DDE800F00CD2 /* Resources */ = {
			isa = PBXResourcesBuildPhase;
			buildActionMask = 2147483647;
			files = (
			);
			runOnlyForDeploymentPostprocessing = 0;
		};
/* End PBXResourcesBuildPhase section */

/* Begin PBXSourcesBuildPhase section */
		F0FB1A022316DDE400F00CD2 /* Sources */ = {
			isa = PBXSourcesBuildPhase;
			buildActionMask = 2147483647;
			files = (
				F0FB1A2C2316DE0600F00CD2 /* VehicleAPI.swift in Sources */,
				F0FB1A0C2316DDE400F00CD2 /* ViewController.swift in Sources */,
				F0FB1A2A2316DDFE00F00CD2 /* UrlSessionExtension.swift in Sources */,
				F0FB1A0A2316DDE400F00CD2 /* AppDelegate.swift in Sources */,
				F0FB1A342316E81A00F00CD2 /* VehicleAnnotatitonModel.swift in Sources */,
				F0FB1A2E2316DE3200F00CD2 /* Vehicle.swift in Sources */,
				F0E62175232BF51400ABD95D /* API.swift in Sources */,
			);
			runOnlyForDeploymentPostprocessing = 0;
		};
		F0FB1A162316DDE800F00CD2 /* Sources */ = {
			isa = PBXSourcesBuildPhase;
			buildActionMask = 2147483647;
			files = (
				F0FB1A1F2316DDE800F00CD2 /* VehiclesTests.swift in Sources */,
			);
			runOnlyForDeploymentPostprocessing = 0;
		};
/* End PBXSourcesBuildPhase section */

/* Begin PBXTargetDependency section */
		F0FB1A1C2316DDE800F00CD2 /* PBXTargetDependency */ = {
			isa = PBXTargetDependency;
			target = F0FB1A052316DDE400F00CD2 /* Vehicles */;
			targetProxy = F0FB1A1B2316DDE800F00CD2 /* PBXContainerItemProxy */;
		};
/* End PBXTargetDependency section */

/* Begin PBXVariantGroup section */
		F0FB1A0D2316DDE400F00CD2 /* Main.storyboard */ = {
			isa = PBXVariantGroup;
			children = (
				F0FB1A0E2316DDE400F00CD2 /* Base */,
			);
			name = Main.storyboard;
			sourceTree = "<group>";
		};
		F0FB1A122316DDE700F00CD2 /* LaunchScreen.storyboard */ = {
			isa = PBXVariantGroup;
			children = (
				F0FB1A132316DDE700F00CD2 /* Base */,
			);
			name = LaunchScreen.storyboard;
			sourceTree = "<group>";
		};
/* End PBXVariantGroup section */

/* Begin XCBuildConfiguration section */
		F0FB1A212316DDE800F00CD2 /* Debug */ = {
			isa = XCBuildConfiguration;
			buildSettings = {
				ALWAYS_SEARCH_USER_PATHS = NO;
				CLANG_ANALYZER_NONNULL = YES;
				CLANG_ANALYZER_NUMBER_OBJECT_CONVERSION = YES_AGGRESSIVE;
				CLANG_CXX_LANGUAGE_STANDARD = "gnu++14";
				CLANG_CXX_LIBRARY = "libc++";
				CLANG_ENABLE_MODULES = YES;
				CLANG_ENABLE_OBJC_ARC = YES;
				CLANG_ENABLE_OBJC_WEAK = YES;
				CLANG_WARN_BLOCK_CAPTURE_AUTORELEASING = YES;
				CLANG_WARN_BOOL_CONVERSION = YES;
				CLANG_WARN_COMMA = YES;
				CLANG_WARN_CONSTANT_CONVERSION = YES;
				CLANG_WARN_DEPRECATED_OBJC_IMPLEMENTATIONS = YES;
				CLANG_WARN_DIRECT_OBJC_ISA_USAGE = YES_ERROR;
				CLANG_WARN_DOCUMENTATION_COMMENTS = YES;
				CLANG_WARN_EMPTY_BODY = YES;
				CLANG_WARN_ENUM_CONVERSION = YES;
				CLANG_WARN_INFINITE_RECURSION = YES;
				CLANG_WARN_INT_CONVERSION = YES;
				CLANG_WARN_NON_LITERAL_NULL_CONVERSION = YES;
				CLANG_WARN_OBJC_IMPLICIT_RETAIN_SELF = YES;
				CLANG_WARN_OBJC_LITERAL_CONVERSION = YES;
				CLANG_WARN_OBJC_ROOT_CLASS = YES_ERROR;
				CLANG_WARN_RANGE_LOOP_ANALYSIS = YES;
				CLANG_WARN_STRICT_PROTOTYPES = YES;
				CLANG_WARN_SUSPICIOUS_MOVE = YES;
				CLANG_WARN_UNGUARDED_AVAILABILITY = YES_AGGRESSIVE;
				CLANG_WARN_UNREACHABLE_CODE = YES;
				CLANG_WARN__DUPLICATE_METHOD_MATCH = YES;
				CODE_SIGN_IDENTITY = "iPhone Developer";
				COPY_PHASE_STRIP = NO;
				DEBUG_INFORMATION_FORMAT = dwarf;
				ENABLE_STRICT_OBJC_MSGSEND = YES;
				ENABLE_TESTABILITY = YES;
				GCC_C_LANGUAGE_STANDARD = gnu11;
				GCC_DYNAMIC_NO_PIC = NO;
				GCC_NO_COMMON_BLOCKS = YES;
				GCC_OPTIMIZATION_LEVEL = 0;
				GCC_PREPROCESSOR_DEFINITIONS = (
					"DEBUG=1",
					"$(inherited)",
				);
				GCC_WARN_64_TO_32_BIT_CONVERSION = YES;
				GCC_WARN_ABOUT_RETURN_TYPE = YES_ERROR;
				GCC_WARN_UNDECLARED_SELECTOR = YES;
				GCC_WARN_UNINITIALIZED_AUTOS = YES_AGGRESSIVE;
				GCC_WARN_UNUSED_FUNCTION = YES;
				GCC_WARN_UNUSED_VARIABLE = YES;
				IPHONEOS_DEPLOYMENT_TARGET = 12.4;
				MTL_ENABLE_DEBUG_INFO = INCLUDE_SOURCE;
				MTL_FAST_MATH = YES;
				ONLY_ACTIVE_ARCH = YES;
				SDKROOT = iphoneos;
				SWIFT_ACTIVE_COMPILATION_CONDITIONS = DEBUG;
				SWIFT_OPTIMIZATION_LEVEL = "-Onone";
			};
			name = Debug;
		};
		F0FB1A222316DDE800F00CD2 /* Release */ = {
			isa = XCBuildConfiguration;
			buildSettings = {
				ALWAYS_SEARCH_USER_PATHS = NO;
				CLANG_ANALYZER_NONNULL = YES;
				CLANG_ANALYZER_NUMBER_OBJECT_CONVERSION = YES_AGGRESSIVE;
				CLANG_CXX_LANGUAGE_STANDARD = "gnu++14";
				CLANG_CXX_LIBRARY = "libc++";
				CLANG_ENABLE_MODULES = YES;
				CLANG_ENABLE_OBJC_ARC = YES;
				CLANG_ENABLE_OBJC_WEAK = YES;
				CLANG_WARN_BLOCK_CAPTURE_AUTORELEASING = YES;
				CLANG_WARN_BOOL_CONVERSION = YES;
				CLANG_WARN_COMMA = YES;
				CLANG_WARN_CONSTANT_CONVERSION = YES;
				CLANG_WARN_DEPRECATED_OBJC_IMPLEMENTATIONS = YES;
				CLANG_WARN_DIRECT_OBJC_ISA_USAGE = YES_ERROR;
				CLANG_WARN_DOCUMENTATION_COMMENTS = YES;
				CLANG_WARN_EMPTY_BODY = YES;
				CLANG_WARN_ENUM_CONVERSION = YES;
				CLANG_WARN_INFINITE_RECURSION = YES;
				CLANG_WARN_INT_CONVERSION = YES;
				CLANG_WARN_NON_LITERAL_NULL_CONVERSION = YES;
				CLANG_WARN_OBJC_IMPLICIT_RETAIN_SELF = YES;
				CLANG_WARN_OBJC_LITERAL_CONVERSION = YES;
				CLANG_WARN_OBJC_ROOT_CLASS = YES_ERROR;
				CLANG_WARN_RANGE_LOOP_ANALYSIS = YES;
				CLANG_WARN_STRICT_PROTOTYPES = YES;
				CLANG_WARN_SUSPICIOUS_MOVE = YES;
				CLANG_WARN_UNGUARDED_AVAILABILITY = YES_AGGRESSIVE;
				CLANG_WARN_UNREACHABLE_CODE = YES;
				CLANG_WARN__DUPLICATE_METHOD_MATCH = YES;
				CODE_SIGN_IDENTITY = "iPhone Developer";
				COPY_PHASE_STRIP = NO;
				DEBUG_INFORMATION_FORMAT = "dwarf-with-dsym";
				ENABLE_NS_ASSERTIONS = NO;
				ENABLE_STRICT_OBJC_MSGSEND = YES;
				GCC_C_LANGUAGE_STANDARD = gnu11;
				GCC_NO_COMMON_BLOCKS = YES;
				GCC_WARN_64_TO_32_BIT_CONVERSION = YES;
				GCC_WARN_ABOUT_RETURN_TYPE = YES_ERROR;
				GCC_WARN_UNDECLARED_SELECTOR = YES;
				GCC_WARN_UNINITIALIZED_AUTOS = YES_AGGRESSIVE;
				GCC_WARN_UNUSED_FUNCTION = YES;
				GCC_WARN_UNUSED_VARIABLE = YES;
				IPHONEOS_DEPLOYMENT_TARGET = 12.4;
				MTL_ENABLE_DEBUG_INFO = NO;
				MTL_FAST_MATH = YES;
				SDKROOT = iphoneos;
				SWIFT_COMPILATION_MODE = wholemodule;
				SWIFT_OPTIMIZATION_LEVEL = "-O";
				VALIDATE_PRODUCT = YES;
			};
			name = Release;
		};
		F0FB1A242316DDE800F00CD2 /* Debug */ = {
			isa = XCBuildConfiguration;
			buildSettings = {
				ASSETCATALOG_COMPILER_APPICON_NAME = AppIcon;
				CODE_SIGN_STYLE = Automatic;
				DEVELOPMENT_TEAM = Z46HY8GH2Z;
				INFOPLIST_FILE = Vehicles/Info.plist;
				LD_RUNPATH_SEARCH_PATHS = (
					"$(inherited)",
					"@executable_path/Frameworks",
				);
				PRODUCT_BUNDLE_IDENTIFIER = sina.veihicle.Vehicles;
				PRODUCT_NAME = "$(TARGET_NAME)";
				SWIFT_VERSION = 5.0;
				TARGETED_DEVICE_FAMILY = "1,2";
			};
			name = Debug;
		};
		F0FB1A252316DDE800F00CD2 /* Release */ = {
			isa = XCBuildConfiguration;
			buildSettings = {
				ASSETCATALOG_COMPILER_APPICON_NAME = AppIcon;
				CODE_SIGN_STYLE = Automatic;
				DEVELOPMENT_TEAM = Z46HY8GH2Z;
				INFOPLIST_FILE = Vehicles/Info.plist;
				LD_RUNPATH_SEARCH_PATHS = (
					"$(inherited)",
					"@executable_path/Frameworks",
				);
				PRODUCT_BUNDLE_IDENTIFIER = sina.veihicle.Vehicles;
				PRODUCT_NAME = "$(TARGET_NAME)";
				SWIFT_VERSION = 5.0;
				TARGETED_DEVICE_FAMILY = "1,2";
			};
			name = Release;
		};
		F0FB1A272316DDE800F00CD2 /* Debug */ = {
			isa = XCBuildConfiguration;
			buildSettings = {
				ALWAYS_EMBED_SWIFT_STANDARD_LIBRARIES = YES;
				BUNDLE_LOADER = "$(TEST_HOST)";
				CODE_SIGN_STYLE = Automatic;
				DEVELOPMENT_TEAM = Z46HY8GH2Z;
				INFOPLIST_FILE = VehiclesTests/Info.plist;
				LD_RUNPATH_SEARCH_PATHS = (
					"$(inherited)",
					"@executable_path/Frameworks",
					"@loader_path/Frameworks",
				);
				PRODUCT_BUNDLE_IDENTIFIER = sina.veihicle.VehiclesTests;
				PRODUCT_NAME = "$(TARGET_NAME)";
				SWIFT_VERSION = 5.0;
				TARGETED_DEVICE_FAMILY = "1,2";
				TEST_HOST = "$(BUILT_PRODUCTS_DIR)/Vehicles.app/Vehicles";
			};
			name = Debug;
		};
		F0FB1A282316DDE800F00CD2 /* Release */ = {
			isa = XCBuildConfiguration;
			buildSettings = {
				ALWAYS_EMBED_SWIFT_STANDARD_LIBRARIES = YES;
				BUNDLE_LOADER = "$(TEST_HOST)";
				CODE_SIGN_STYLE = Automatic;
				DEVELOPMENT_TEAM = Z46HY8GH2Z;
				INFOPLIST_FILE = VehiclesTests/Info.plist;
				LD_RUNPATH_SEARCH_PATHS = (
					"$(inherited)",
					"@executable_path/Frameworks",
					"@loader_path/Frameworks",
				);
				PRODUCT_BUNDLE_IDENTIFIER = sina.veihicle.VehiclesTests;
				PRODUCT_NAME = "$(TARGET_NAME)";
				SWIFT_VERSION = 5.0;
				TARGETED_DEVICE_FAMILY = "1,2";
				TEST_HOST = "$(BUILT_PRODUCTS_DIR)/Vehicles.app/Vehicles";
			};
			name = Release;
		};
/* End XCBuildConfiguration section */

/* Begin XCConfigurationList section */
		F0FB1A012316DDE400F00CD2 /* Build configuration list for PBXProject "Vehicles" */ = {
			isa = XCConfigurationList;
			buildConfigurations = (
				F0FB1A212316DDE800F00CD2 /* Debug */,
				F0FB1A222316DDE800F00CD2 /* Release */,
			);
			defaultConfigurationIsVisible = 0;
			defaultConfigurationName = Release;
		};
		F0FB1A232316DDE800F00CD2 /* Build configuration list for PBXNativeTarget "Vehicles" */ = {
			isa = XCConfigurationList;
			buildConfigurations = (
				F0FB1A242316DDE800F00CD2 /* Debug */,
				F0FB1A252316DDE800F00CD2 /* Release */,
			);
			defaultConfigurationIsVisible = 0;
			defaultConfigurationName = Release;
		};
		F0FB1A262316DDE800F00CD2 /* Build configuration list for PBXNativeTarget "VehiclesTests" */ = {
			isa = XCConfigurationList;
			buildConfigurations = (
				F0FB1A272316DDE800F00CD2 /* Debug */,
				F0FB1A282316DDE800F00CD2 /* Release */,
			);
			defaultConfigurationIsVisible = 0;
			defaultConfigurationName = Release;
		};
/* End XCConfigurationList section */
	};
	rootObject = F0FB19FE2316DDE400F00CD2 /* Project object */;
}
